
Microsoft Visual Studio Solution File, Format Version 12.00
# Visual Studio Version 16
VisualStudioVersion = 16.0.30907.101
MinimumVisualStudioVersion = 10.0.40219.1
Project("{FAE04EC0-301F-11D3-BF4B-00C04F79EFBC}") = "ContainersXray", "ContainersXray\ContainersXray.csproj", "{3131144F-CCE2-4E94-B03A-AF056E11BECD}"
EndProject
Global
	GlobalSection(SolutionConfigurationPlatforms) = preSolution
		Debug|Any CPU = Debug|Any CPU
		Release|Any CPU = Release|Any CPU
	EndGlobalSection
	GlobalSection(ProjectConfigurationPlatforms) = postSolution
		{3131144F-CCE2-4E94-B03A-AF056E11BECD}.Debug|Any CPU.ActiveCfg = Debug|Any CPU
		{3131144F-CCE2-4E94-B03A-AF056E11BECD}.Debug|Any CPU.Build.0 = Debug|Any CPU
		{3131144F-CCE2-4E94-B03A-AF056E11BECD}.Release|Any CPU.ActiveCfg = Release|Any CPU
		{3131144F-CCE2-4E94-B03A-AF056E11BECD}.Release|Any CPU.Build.0 = Release|Any CPU
	EndGlobalSection
	GlobalSection(SolutionProperties) = preSolution
		HideSolutionNode = FALSE
	EndGlobalSection
	GlobalSection(ExtensibilityGlobals) = postSolution
		SolutionGuid = {25AFE78F-F33A-4190-85AB-0FEBE29BFD0D}
	EndGlobalSection
EndGlobal
